
Microsoft Visual Studio Solution File, Format Version 12.00
# Visual Studio Version 16
VisualStudioVersion = 16.0.809.0
MinimumVisualStudioVersion = 10.0.40219.1
Project("{FAE04EC0-301F-11D3-BF4B-00C04F79EFBC}") = "OrganicStore", "OrganicStore.csproj", "{B20A6A67-0358-4A1A-90D3-0A9FEBBE5897}"
EndProject
Global
	GlobalSection(SolutionConfigurationPlatforms) = preSolution
		Debug|Any CPU = Debug|Any CPU
		Release|Any CPU = Release|Any CPU
	EndGlobalSection
	GlobalSection(ProjectConfigurationPlatforms) = postSolution
		{B20A6A67-0358-4A1A-90D3-0A9FEBBE5897}.Debug|Any CPU.ActiveCfg = Debug|Any CPU
		{B20A6A67-0358-4A1A-90D3-0A9FEBBE5897}.Debug|Any CPU.Build.0 = Debug|Any CPU
		{B20A6A67-0358-4A1A-90D3-0A9FEBBE5897}.Release|Any CPU.ActiveCfg = Release|Any CPU
		{B20A6A67-0358-4A1A-90D3-0A9FEBBE5897}.Release|Any CPU.Build.0 = Release|Any CPU
	EndGlobalSection
	GlobalSection(SolutionProperties) = preSolution
		HideSolutionNode = FALSE
	EndGlobalSection
	GlobalSection(ExtensibilityGlobals) = postSolution
		SolutionGuid = {65050A2E-4F9A-4296-825C-09C3C87073B2}
	EndGlobalSection
EndGlobal
